
Microsoft Visual Studio Solution File, Format Version 12.00
# Visual Studio Version 17
VisualStudioVersion = 17.2.32526.322
MinimumVisualStudioVersion = 10.0.40219.1
Project("{9A19103F-16F7-4668-BE54-9A1E7A4F7556}") = "UserAuthenticationService", "UserAuthenticationService\UserAuthenticationService.csproj", "{ED9F2D0D-D374-4B06-9CCA-A6ECF2F47272}"
EndProject
Project("{9A19103F-16F7-4668-BE54-9A1E7A4F7556}") = "UserAuthenticationService.Core", "UserAuthenticationService.Core\UserAuthenticationService.Core.csproj", "{9C82E3B7-BA84-4F28-9932-8BC53F72656D}"
EndProject
Project("{9A19103F-16F7-4668-BE54-9A1E7A4F7556}") = "UserAuthenticationService.Data", "UserAuthenticationService.Data\UserAuthenticationService.Data.csproj", "{558A36FB-317B-4599-B4C4-3E2E82A61F7B}"
EndProject
Project("{E53339B2-1760-4266-BCC7-CA923CBCF16C}") = "docker-compose", "docker-compose.dcproj", "{65FFD0C8-C5B4-47F1-AC77-63ECE9E4F61E}"
EndProject
Global
	GlobalSection(SolutionConfigurationPlatforms) = preSolution
		Debug|Any CPU = Debug|Any CPU
		Release|Any CPU = Release|Any CPU
	EndGlobalSection
	GlobalSection(ProjectConfigurationPlatforms) = postSolution
		{ED9F2D0D-D374-4B06-9CCA-A6ECF2F47272}.Debug|Any CPU.ActiveCfg = Debug|Any CPU
		{ED9F2D0D-D374-4B06-9CCA-A6ECF2F47272}.Debug|Any CPU.Build.0 = Debug|Any CPU
		{ED9F2D0D-D374-4B06-9CCA-A6ECF2F47272}.Release|Any CPU.ActiveCfg = Release|Any CPU
		{ED9F2D0D-D374-4B06-9CCA-A6ECF2F47272}.Release|Any CPU.Build.0 = Release|Any CPU
		{9C82E3B7-BA84-4F28-9932-8BC53F72656D}.Debug|Any CPU.ActiveCfg = Debug|Any CPU
		{9C82E3B7-BA84-4F28-9932-8BC53F72656D}.Debug|Any CPU.Build.0 = Debug|Any CPU
		{9C82E3B7-BA84-4F28-9932-8BC53F72656D}.Release|Any CPU.ActiveCfg = Release|Any CPU
		{9C82E3B7-BA84-4F28-9932-8BC53F72656D}.Release|Any CPU.Build.0 = Release|Any CPU
		{558A36FB-317B-4599-B4C4-3E2E82A61F7B}.Debug|Any CPU.ActiveCfg = Debug|Any CPU
		{558A36FB-317B-4599-B4C4-3E2E82A61F7B}.Debug|Any CPU.Build.0 = Debug|Any CPU
		{558A36FB-317B-4599-B4C4-3E2E82A61F7B}.Release|Any CPU.ActiveCfg = Release|Any CPU
		{558A36FB-317B-4599-B4C4-3E2E82A61F7B}.Release|Any CPU.Build.0 = Release|Any CPU
		{65FFD0C8-C5B4-47F1-AC77-63ECE9E4F61E}.Debug|Any CPU.ActiveCfg = Debug|Any CPU
		{65FFD0C8-C5B4-47F1-AC77-63ECE9E4F61E}.Debug|Any CPU.Build.0 = Debug|Any CPU
		{65FFD0C8-C5B4-47F1-AC77-63ECE9E4F61E}.Release|Any CPU.ActiveCfg = Release|Any CPU
		{65FFD0C8-C5B4-47F1-AC77-63ECE9E4F61E}.Release|Any CPU.Build.0 = Release|Any CPU
	EndGlobalSection
	GlobalSection(SolutionProperties) = preSolution
		HideSolutionNode = FALSE
	EndGlobalSection
	GlobalSection(ExtensibilityGlobals) = postSolution
		SolutionGuid = {5AC230C8-B34A-4A21-A1B3-E0D7DD98B8F1}
	EndGlobalSection
EndGlobal
